// !$*UTF8*$!
{
	archiveVersion = 1;
	classes = {
	};
	objectVersion = 48;
	objects = {

/* Begin PBXBuildFile section */
		5001EF422181FA3D004393F7 /* BaseViewController.m in Sources */ = {isa = PBXBuildFile; fileRef = 5001EF412181FA3D004393F7 /* BaseViewController.m */; };
		5022DFC52183151A007B3418 /* NoteTableViewCell.m in Sources */ = {isa = PBXBuildFile; fileRef = 5022DFC32183151A007B3418 /* NoteTableViewCell.m */; };
		5022DFC9218316FA007B3418 /* NoteTableViewItem.m in Sources */ = {isa = PBXBuildFile; fileRef = 5022DFC8218316FA007B3418 /* NoteTableViewItem.m */; };
		504695FD218755F8008BEE58 /* ApiClient.m in Sources */ = {isa = PBXBuildFile; fileRef = 504695FC218755F8008BEE58 /* ApiClient.m */; };
		5046960021876073008BEE58 /* HttpClient.m in Sources */ = {isa = PBXBuildFile; fileRef = 504695FF21876073008BEE58 /* HttpClient.m */; };
		504F88F82183674C0039E9D1 /* SharedNoteDetailsViewController.m in Sources */ = {isa = PBXBuildFile; fileRef = 504F88F72183674C0039E9D1 /* SharedNoteDetailsViewController.m */; };
		506DFFF12189A886006936E4 /* Session.m in Sources */ = {isa = PBXBuildFile; fileRef = 506DFFF02189A886006936E4 /* Session.m */; };
		50A99F3D2181ECAE006BBA4D /* AuthenticatedViewController.m in Sources */ = {isa = PBXBuildFile; fileRef = 50A99F3C2181ECAE006BBA4D /* AuthenticatedViewController.m */; };
		50E10319218AE26000EA92FF /* RequestResetPasswordViewController.m in Sources */ = {isa = PBXBuildFile; fileRef = 50E10318218AE26000EA92FF /* RequestResetPasswordViewController.m */; };
		50E1031C218AEC1E00EA92FF /* ResetPasswordViewController.m in Sources */ = {isa = PBXBuildFile; fileRef = 50E1031B218AEC1E00EA92FF /* ResetPasswordViewController.m */; };
		50E1031F218AF12D00EA92FF /* ResetPasswordLinkViewController.m in Sources */ = {isa = PBXBuildFile; fileRef = 50E1031E218AF12D00EA92FF /* ResetPasswordLinkViewController.m */; };
		50E10322218B044C00EA92FF /* ResetPasswordToken.m in Sources */ = {isa = PBXBuildFile; fileRef = 50E10321218B044C00EA92FF /* ResetPasswordToken.m */; };
		50E10327218C8D9000EA92FF /* StringValidator.m in Sources */ = {isa = PBXBuildFile; fileRef = 50E10326218C8D9000EA92FF /* StringValidator.m */; };
		6BC58E12FBCAEBC9E7E78970 /* Pods_notepad.framework in Frameworks */ = {isa = PBXBuildFile; fileRef = 63880F6E7BCD4AB2182D2B47 /* Pods_notepad.framework */; };
		EB141894207F919800A69EDA /* MyNoteViewController.m in Sources */ = {isa = PBXBuildFile; fileRef = EB141893207F919800A69EDA /* MyNoteViewController.m */; };
		EB1A5D0C207BB721007A269F /* LoginViewController.m in Sources */ = {isa = PBXBuildFile; fileRef = EB1A5D0B207BB721007A269F /* LoginViewController.m */; };
		EB1A5D0F207BB739007A269F /* SignUpViewController.m in Sources */ = {isa = PBXBuildFile; fileRef = EB1A5D0E207BB739007A269F /* SignUpViewController.m */; };
		EB261727207B8D8C00FCB028 /* AppDelegate.m in Sources */ = {isa = PBXBuildFile; fileRef = EB261726207B8D8C00FCB028 /* AppDelegate.m */; };
		EB26172D207B8D8C00FCB028 /* Main.storyboard in Resources */ = {isa = PBXBuildFile; fileRef = EB26172B207B8D8C00FCB028 /* Main.storyboard */; };
		EB26172F207B8D8C00FCB028 /* Assets.xcassets in Resources */ = {isa = PBXBuildFile; fileRef = EB26172E207B8D8C00FCB028 /* Assets.xcassets */; };
		EB261735207B8D8C00FCB028 /* main.m in Sources */ = {isa = PBXBuildFile; fileRef = EB261734207B8D8C00FCB028 /* main.m */; };
		EB26173F207B8D8C00FCB028 /* notepadUITests.m in Sources */ = {isa = PBXBuildFile; fileRef = EB26173E207B8D8C00FCB028 /* notepadUITests.m */; };
		EB84AE5E20F3BA150045CA98 /* SharedNotesViewController.m in Sources */ = {isa = PBXBuildFile; fileRef = EB84AE5D20F3BA150045CA98 /* SharedNotesViewController.m */; };
		EB9215F120F3C36400677596 /* SettingsViewController.m in Sources */ = {isa = PBXBuildFile; fileRef = EB9215EE20F3C36400677596 /* SettingsViewController.m */; };
/* End PBXBuildFile section */

/* Begin PBXContainerItemProxy section */
		EB26173B207B8D8C00FCB028 /* PBXContainerItemProxy */ = {
			isa = PBXContainerItemProxy;
			containerPortal = EB26171A207B8D8C00FCB028 /* Project object */;
			proxyType = 1;
			remoteGlobalIDString = EB261721207B8D8C00FCB028;
			remoteInfo = notepad;
		};
/* End PBXContainerItemProxy section */

/* Begin PBXFileReference section */
		5001EF402181FA1D004393F7 /* BaseViewController.h */ = {isa = PBXFileReference; lastKnownFileType = sourcecode.c.h; path = BaseViewController.h; sourceTree = "<group>"; };
		5001EF412181FA3D004393F7 /* BaseViewController.m */ = {isa = PBXFileReference; lastKnownFileType = sourcecode.c.objc; path = BaseViewController.m; sourceTree = "<group>"; };
		5022DFC22183151A007B3418 /* NoteTableViewCell.h */ = {isa = PBXFileReference; lastKnownFileType = sourcecode.c.h; path = NoteTableViewCell.h; sourceTree = "<group>"; };
		5022DFC32183151A007B3418 /* NoteTableViewCell.m */ = {isa = PBXFileReference; lastKnownFileType = sourcecode.c.objc; path = NoteTableViewCell.m; sourceTree = "<group>"; };
		5022DFC7218316FA007B3418 /* NoteTableViewItem.h */ = {isa = PBXFileReference; lastKnownFileType = sourcecode.c.h; path = NoteTableViewItem.h; sourceTree = "<group>"; };
		5022DFC8218316FA007B3418 /* NoteTableViewItem.m */ = {isa = PBXFileReference; lastKnownFileType = sourcecode.c.objc; path = NoteTableViewItem.m; sourceTree = "<group>"; };
		504695FB218755F8008BEE58 /* ApiClient.h */ = {isa = PBXFileReference; lastKnownFileType = sourcecode.c.h; path = ApiClient.h; sourceTree = "<group>"; };
		504695FC218755F8008BEE58 /* ApiClient.m */ = {isa = PBXFileReference; lastKnownFileType = sourcecode.c.objc; path = ApiClient.m; sourceTree = "<group>"; };
		504695FE21876073008BEE58 /* HttpClient.h */ = {isa = PBXFileReference; lastKnownFileType = sourcecode.c.h; path = HttpClient.h; sourceTree = "<group>"; };
		504695FF21876073008BEE58 /* HttpClient.m */ = {isa = PBXFileReference; lastKnownFileType = sourcecode.c.objc; path = HttpClient.m; sourceTree = "<group>"; };
		504F88F62183674C0039E9D1 /* SharedNoteDetailsViewController.h */ = {isa = PBXFileReference; lastKnownFileType = sourcecode.c.h; path = SharedNoteDetailsViewController.h; sourceTree = "<group>"; };
		504F88F72183674C0039E9D1 /* SharedNoteDetailsViewController.m */ = {isa = PBXFileReference; lastKnownFileType = sourcecode.c.objc; path = SharedNoteDetailsViewController.m; sourceTree = "<group>"; };
		506DFFEF2189A886006936E4 /* Session.h */ = {isa = PBXFileReference; lastKnownFileType = sourcecode.c.h; path = Session.h; sourceTree = "<group>"; };
		506DFFF02189A886006936E4 /* Session.m */ = {isa = PBXFileReference; lastKnownFileType = sourcecode.c.objc; path = Session.m; sourceTree = "<group>"; };
		50A99F382181EC0E006BBA4D /* AuthenticatedViewController.h */ = {isa = PBXFileReference; lastKnownFileType = sourcecode.c.h; path = AuthenticatedViewController.h; sourceTree = "<group>"; };
		50A99F3C2181ECAE006BBA4D /* AuthenticatedViewController.m */ = {isa = PBXFileReference; lastKnownFileType = sourcecode.c.objc; path = AuthenticatedViewController.m; sourceTree = "<group>"; };
		50E10317218AE26000EA92FF /* RequestResetPasswordViewController.h */ = {isa = PBXFileReference; lastKnownFileType = sourcecode.c.h; path = RequestResetPasswordViewController.h; sourceTree = "<group>"; };
		50E10318218AE26000EA92FF /* RequestResetPasswordViewController.m */ = {isa = PBXFileReference; lastKnownFileType = sourcecode.c.objc; path = RequestResetPasswordViewController.m; sourceTree = "<group>"; };
		50E1031A218AEC1E00EA92FF /* ResetPasswordViewController.h */ = {isa = PBXFileReference; lastKnownFileType = sourcecode.c.h; path = ResetPasswordViewController.h; sourceTree = "<group>"; };
		50E1031B218AEC1E00EA92FF /* ResetPasswordViewController.m */ = {isa = PBXFileReference; lastKnownFileType = sourcecode.c.objc; path = ResetPasswordViewController.m; sourceTree = "<group>"; };
		50E1031D218AF12D00EA92FF /* ResetPasswordLinkViewController.h */ = {isa = PBXFileReference; lastKnownFileType = sourcecode.c.h; path = ResetPasswordLinkViewController.h; sourceTree = "<group>"; };
		50E1031E218AF12D00EA92FF /* ResetPasswordLinkViewController.m */ = {isa = PBXFileReference; lastKnownFileType = sourcecode.c.objc; path = ResetPasswordLinkViewController.m; sourceTree = "<group>"; };
		50E10320218B044C00EA92FF /* ResetPasswordToken.h */ = {isa = PBXFileReference; lastKnownFileType = sourcecode.c.h; path = ResetPasswordToken.h; sourceTree = "<group>"; };
		50E10321218B044C00EA92FF /* ResetPasswordToken.m */ = {isa = PBXFileReference; lastKnownFileType = sourcecode.c.objc; path = ResetPasswordToken.m; sourceTree = "<group>"; };
		50E10325218C8D9000EA92FF /* StringValidator.h */ = {isa = PBXFileReference; lastKnownFileType = sourcecode.c.h; path = StringValidator.h; sourceTree = "<group>"; };
		50E10326218C8D9000EA92FF /* StringValidator.m */ = {isa = PBXFileReference; lastKnownFileType = sourcecode.c.objc; path = StringValidator.m; sourceTree = "<group>"; };
		63880F6E7BCD4AB2182D2B47 /* Pods_notepad.framework */ = {isa = PBXFileReference; explicitFileType = wrapper.framework; includeInIndex = 0; path = Pods_notepad.framework; sourceTree = BUILT_PRODUCTS_DIR; };
		99FA34511BC095E89FEC4058 /* Pods-notepad.release.xcconfig */ = {isa = PBXFileReference; includeInIndex = 1; lastKnownFileType = text.xcconfig; name = "Pods-notepad.release.xcconfig"; path = "Pods/Target Support Files/Pods-notepad/Pods-notepad.release.xcconfig"; sourceTree = "<group>"; };
		EB141892207F919800A69EDA /* MyNoteViewController.h */ = {isa = PBXFileReference; lastKnownFileType = sourcecode.c.h; path = MyNoteViewController.h; sourceTree = "<group>"; };
		EB141893207F919800A69EDA /* MyNoteViewController.m */ = {isa = PBXFileReference; lastKnownFileType = sourcecode.c.objc; path = MyNoteViewController.m; sourceTree = "<group>"; };
		EB1A5D0A207BB721007A269F /* LoginViewController.h */ = {isa = PBXFileReference; lastKnownFileType = sourcecode.c.h; path = LoginViewController.h; sourceTree = "<group>"; };
		EB1A5D0B207BB721007A269F /* LoginViewController.m */ = {isa = PBXFileReference; lastKnownFileType = sourcecode.c.objc; path = LoginViewController.m; sourceTree = "<group>"; };
		EB1A5D0D207BB739007A269F /* SignUpViewController.h */ = {isa = PBXFileReference; lastKnownFileType = sourcecode.c.h; path = SignUpViewController.h; sourceTree = "<group>"; };
		EB1A5D0E207BB739007A269F /* SignUpViewController.m */ = {isa = PBXFileReference; lastKnownFileType = sourcecode.c.objc; path = SignUpViewController.m; sourceTree = "<group>"; };
		EB261722207B8D8C00FCB028 /* notepad.app */ = {isa = PBXFileReference; explicitFileType = wrapper.application; includeInIndex = 0; path = notepad.app; sourceTree = BUILT_PRODUCTS_DIR; };
		EB261725207B8D8C00FCB028 /* AppDelegate.h */ = {isa = PBXFileReference; lastKnownFileType = sourcecode.c.h; path = AppDelegate.h; sourceTree = "<group>"; };
		EB261726207B8D8C00FCB028 /* AppDelegate.m */ = {isa = PBXFileReference; lastKnownFileType = sourcecode.c.objc; path = AppDelegate.m; sourceTree = "<group>"; };
		EB26172C207B8D8C00FCB028 /* Base */ = {isa = PBXFileReference; lastKnownFileType = file.storyboard; name = Base; path = Base.lproj/Main.storyboard; sourceTree = "<group>"; };
		EB26172E207B8D8C00FCB028 /* Assets.xcassets */ = {isa = PBXFileReference; lastKnownFileType = folder.assetcatalog; path = Assets.xcassets; sourceTree = "<group>"; };
		EB261733207B8D8C00FCB028 /* Info.plist */ = {isa = PBXFileReference; lastKnownFileType = text.plist.xml; path = Info.plist; sourceTree = "<group>"; };
		EB261734207B8D8C00FCB028 /* main.m */ = {isa = PBXFileReference; lastKnownFileType = sourcecode.c.objc; path = main.m; sourceTree = "<group>"; };
		EB26173A207B8D8C00FCB028 /* notepadUITests.xctest */ = {isa = PBXFileReference; explicitFileType = wrapper.cfbundle; includeInIndex = 0; path = notepadUITests.xctest; sourceTree = BUILT_PRODUCTS_DIR; };
		EB26173E207B8D8C00FCB028 /* notepadUITests.m */ = {isa = PBXFileReference; lastKnownFileType = sourcecode.c.objc; path = notepadUITests.m; sourceTree = "<group>"; };
		EB261740207B8D8C00FCB028 /* Info.plist */ = {isa = PBXFileReference; lastKnownFileType = text.plist.xml; path = Info.plist; sourceTree = "<group>"; };
		EB84AE5D20F3BA150045CA98 /* SharedNotesViewController.m */ = {isa = PBXFileReference; lastKnownFileType = sourcecode.c.objc; path = SharedNotesViewController.m; sourceTree = "<group>"; };
		EB84AE5F20F3BA2F0045CA98 /* SharedNotesViewController.h */ = {isa = PBXFileReference; lastKnownFileType = sourcecode.c.h; path = SharedNotesViewController.h; sourceTree = "<group>"; };
		EB9215ED20F3C36400677596 /* SettingsViewController.h */ = {isa = PBXFileReference; fileEncoding = 4; lastKnownFileType = sourcecode.c.h; path = SettingsViewController.h; sourceTree = "<group>"; };
		EB9215EE20F3C36400677596 /* SettingsViewController.m */ = {isa = PBXFileReference; fileEncoding = 4; lastKnownFileType = sourcecode.c.objc; path = SettingsViewController.m; sourceTree = "<group>"; };
		FF6A99A3E6ACCE3F2B329C7C /* Pods-notepad.debug.xcconfig */ = {isa = PBXFileReference; includeInIndex = 1; lastKnownFileType = text.xcconfig; name = "Pods-notepad.debug.xcconfig"; path = "Pods/Target Support Files/Pods-notepad/Pods-notepad.debug.xcconfig"; sourceTree = "<group>"; };
/* End PBXFileReference section */

/* Begin PBXFrameworksBuildPhase section */
		EB26171F207B8D8C00FCB028 /* Frameworks */ = {
			isa = PBXFrameworksBuildPhase;
			buildActionMask = 2147483647;
			files = (
				6BC58E12FBCAEBC9E7E78970 /* Pods_notepad.framework in Frameworks */,
			);
			runOnlyForDeploymentPostprocessing = 0;
		};
		EB261737207B8D8C00FCB028 /* Frameworks */ = {
			isa = PBXFrameworksBuildPhase;
			buildActionMask = 2147483647;
			files = (
			);
			runOnlyForDeploymentPostprocessing = 0;
		};
/* End PBXFrameworksBuildPhase section */

/* Begin PBXGroup section */
		17CD81B787681D24539DF049 /* Frameworks */ = {
			isa = PBXGroup;
			children = (
				63880F6E7BCD4AB2182D2B47 /* Pods_notepad.framework */,
			);
			name = Frameworks;
			sourceTree = "<group>";
		};
		5001EF3E2181F93D004393F7 /* Authenticated */ = {
			isa = PBXGroup;
			children = (
				EB141892207F919800A69EDA /* MyNoteViewController.h */,
				EB141893207F919800A69EDA /* MyNoteViewController.m */,
				EB84AE5F20F3BA2F0045CA98 /* SharedNotesViewController.h */,
				EB84AE5D20F3BA150045CA98 /* SharedNotesViewController.m */,
				504F88F62183674C0039E9D1 /* SharedNoteDetailsViewController.h */,
				504F88F72183674C0039E9D1 /* SharedNoteDetailsViewController.m */,
				EB9215ED20F3C36400677596 /* SettingsViewController.h */,
				EB9215EE20F3C36400677596 /* SettingsViewController.m */,
			);
			path = Authenticated;
			sourceTree = "<group>";
		};
		5001EF432181FB23004393F7 /* Authentication */ = {
			isa = PBXGroup;
			children = (
				EB1A5D0A207BB721007A269F /* LoginViewController.h */,
				EB1A5D0B207BB721007A269F /* LoginViewController.m */,
				EB1A5D0D207BB739007A269F /* SignUpViewController.h */,
				EB1A5D0E207BB739007A269F /* SignUpViewController.m */,
				50E10317218AE26000EA92FF /* RequestResetPasswordViewController.h */,
				50E10318218AE26000EA92FF /* RequestResetPasswordViewController.m */,
				50E1031A218AEC1E00EA92FF /* ResetPasswordViewController.h */,
				50E1031B218AEC1E00EA92FF /* ResetPasswordViewController.m */,
				50E1031D218AF12D00EA92FF /* ResetPasswordLinkViewController.h */,
				50E1031E218AF12D00EA92FF /* ResetPasswordLinkViewController.m */,
			);
			path = Authentication;
			sourceTree = "<group>";
		};
		5022DFC02183142F007B3418 /* Views */ = {
			isa = PBXGroup;
			children = (
				5022DFC22183151A007B3418 /* NoteTableViewCell.h */,
				5022DFC32183151A007B3418 /* NoteTableViewCell.m */,
			);
			path = Views;
			sourceTree = "<group>";
		};
		5022DFC6218316AE007B3418 /* Models */ = {
			isa = PBXGroup;
			children = (
				5022DFC7218316FA007B3418 /* NoteTableViewItem.h */,
				5022DFC8218316FA007B3418 /* NoteTableViewItem.m */,
				50E10320218B044C00EA92FF /* ResetPasswordToken.h */,
				50E10321218B044C00EA92FF /* ResetPasswordToken.m */,
				50E10325218C8D9000EA92FF /* StringValidator.h */,
				50E10326218C8D9000EA92FF /* StringValidator.m */,
			);
			path = Models;
			sourceTree = "<group>";
		};
		504695FA21875593008BEE58 /* Session */ = {
			isa = PBXGroup;
			children = (
				504695FB218755F8008BEE58 /* ApiClient.h */,
				504695FC218755F8008BEE58 /* ApiClient.m */,
				504695FE21876073008BEE58 /* HttpClient.h */,
				504695FF21876073008BEE58 /* HttpClient.m */,
				506DFFEF2189A886006936E4 /* Session.h */,
				506DFFF02189A886006936E4 /* Session.m */,
			);
			path = Session;
			sourceTree = "<group>";
		};
		6EC1AC38EFE582457FAB70EC /* Pods */ = {
			isa = PBXGroup;
			children = (
				FF6A99A3E6ACCE3F2B329C7C /* Pods-notepad.debug.xcconfig */,
				99FA34511BC095E89FEC4058 /* Pods-notepad.release.xcconfig */,
			);
			name = Pods;
			sourceTree = "<group>";
		};
		EB261719207B8D8C00FCB028 = {
			isa = PBXGroup;
			children = (
				EB261724207B8D8C00FCB028 /* notepad */,
				EB26173D207B8D8C00FCB028 /* notepadUITests */,
				EB261723207B8D8C00FCB028 /* Products */,
				6EC1AC38EFE582457FAB70EC /* Pods */,
				17CD81B787681D24539DF049 /* Frameworks */,
			);
			sourceTree = "<group>";
		};
		EB261723207B8D8C00FCB028 /* Products */ = {
			isa = PBXGroup;
			children = (
				EB261722207B8D8C00FCB028 /* notepad.app */,
				EB26173A207B8D8C00FCB028 /* notepadUITests.xctest */,
			);
			name = Products;
			sourceTree = "<group>";
		};
		EB261724207B8D8C00FCB028 /* notepad */ = {
			isa = PBXGroup;
			children = (
				504695FA21875593008BEE58 /* Session */,
				5022DFC6218316AE007B3418 /* Models */,
				EB7C684C20863218000C037B /* Controllers */,
				5022DFC02183142F007B3418 /* Views */,
				EB261725207B8D8C00FCB028 /* AppDelegate.h */,
				EB261726207B8D8C00FCB028 /* AppDelegate.m */,
				EB26172B207B8D8C00FCB028 /* Main.storyboard */,
				EB26172E207B8D8C00FCB028 /* Assets.xcassets */,
				EB261733207B8D8C00FCB028 /* Info.plist */,
				EB261734207B8D8C00FCB028 /* main.m */,
			);
			path = notepad;
			sourceTree = "<group>";
		};
		EB26173D207B8D8C00FCB028 /* notepadUITests */ = {
			isa = PBXGroup;
			children = (
				EB26173E207B8D8C00FCB028 /* notepadUITests.m */,
				EB261740207B8D8C00FCB028 /* Info.plist */,
			);
			path = notepadUITests;
			sourceTree = "<group>";
		};
		EB7C684C20863218000C037B /* Controllers */ = {
			isa = PBXGroup;
			children = (
				5001EF432181FB23004393F7 /* Authentication */,
				5001EF3E2181F93D004393F7 /* Authenticated */,
				50A99F382181EC0E006BBA4D /* AuthenticatedViewController.h */,
				50A99F3C2181ECAE006BBA4D /* AuthenticatedViewController.m */,
				5001EF402181FA1D004393F7 /* BaseViewController.h */,
				5001EF412181FA3D004393F7 /* BaseViewController.m */,
			);
			path = Controllers;
			sourceTree = "<group>";
		};
/* End PBXGroup section */

/* Begin PBXNativeTarget section */
		EB261721207B8D8C00FCB028 /* notepad */ = {
			isa = PBXNativeTarget;
			buildConfigurationList = EB261743207B8D8C00FCB028 /* Build configuration list for PBXNativeTarget "notepad" */;
			buildPhases = (
				809901CE31E89180F3705D6B /* [CP] Check Pods Manifest.lock */,
				EB26171E207B8D8C00FCB028 /* Sources */,
				EB26171F207B8D8C00FCB028 /* Frameworks */,
				EB261720207B8D8C00FCB028 /* Resources */,
				BE4DBB6351EE404A21ABA1B8 /* [CP] Embed Pods Frameworks */,
			);
			buildRules = (
			);
			dependencies = (
			);
			name = notepad;
			productName = notepad;
			productReference = EB261722207B8D8C00FCB028 /* notepad.app */;
			productType = "com.apple.product-type.application";
		};
		EB261739207B8D8C00FCB028 /* notepadUITests */ = {
			isa = PBXNativeTarget;
			buildConfigurationList = EB261746207B8D8C00FCB028 /* Build configuration list for PBXNativeTarget "notepadUITests" */;
			buildPhases = (
				EB261736207B8D8C00FCB028 /* Sources */,
				EB261737207B8D8C00FCB028 /* Frameworks */,
				EB261738207B8D8C00FCB028 /* Resources */,
			);
			buildRules = (
			);
			dependencies = (
				EB26173C207B8D8C00FCB028 /* PBXTargetDependency */,
			);
			name = notepadUITests;
			productName = notepadUITests;
			productReference = EB26173A207B8D8C00FCB028 /* notepadUITests.xctest */;
			productType = "com.apple.product-type.bundle.ui-testing";
		};
/* End PBXNativeTarget section */

/* Begin PBXProject section */
		EB26171A207B8D8C00FCB028 /* Project object */ = {
			isa = PBXProject;
			attributes = {
				LastUpgradeCheck = 1000;
				ORGANIZATIONNAME = Tanker;
				TargetAttributes = {
					EB261721207B8D8C00FCB028 = {
						CreatedOnToolsVersion = 9.2;
						ProvisioningStyle = Automatic;
					};
					EB261739207B8D8C00FCB028 = {
						CreatedOnToolsVersion = 9.2;
						ProvisioningStyle = Automatic;
						TestTargetID = EB261721207B8D8C00FCB028;
					};
				};
			};
			buildConfigurationList = EB26171D207B8D8C00FCB028 /* Build configuration list for PBXProject "notepad" */;
			compatibilityVersion = "Xcode 8.0";
			developmentRegion = en;
			hasScannedForEncodings = 0;
			knownRegions = (
				en,
				Base,
			);
			mainGroup = EB261719207B8D8C00FCB028;
			productRefGroup = EB261723207B8D8C00FCB028 /* Products */;
			projectDirPath = "";
			projectRoot = "";
			targets = (
				EB261721207B8D8C00FCB028 /* notepad */,
				EB261739207B8D8C00FCB028 /* notepadUITests */,
			);
		};
/* End PBXProject section */

/* Begin PBXResourcesBuildPhase section */
		EB261720207B8D8C00FCB028 /* Resources */ = {
			isa = PBXResourcesBuildPhase;
			buildActionMask = 2147483647;
			files = (
				EB26172F207B8D8C00FCB028 /* Assets.xcassets in Resources */,
				EB26172D207B8D8C00FCB028 /* Main.storyboard in Resources */,
			);
			runOnlyForDeploymentPostprocessing = 0;
		};
		EB261738207B8D8C00FCB028 /* Resources */ = {
			isa = PBXResourcesBuildPhase;
			buildActionMask = 2147483647;
			files = (
			);
			runOnlyForDeploymentPostprocessing = 0;
		};
/* End PBXResourcesBuildPhase section */

/* Begin PBXShellScriptBuildPhase section */
		809901CE31E89180F3705D6B /* [CP] Check Pods Manifest.lock */ = {
			isa = PBXShellScriptBuildPhase;
			buildActionMask = 2147483647;
			files = (
			);
			inputPaths = (
				"${PODS_PODFILE_DIR_PATH}/Podfile.lock",
				"${PODS_ROOT}/Manifest.lock",
			);
			name = "[CP] Check Pods Manifest.lock";
			outputPaths = (
				"$(DERIVED_FILE_DIR)/Pods-notepad-checkManifestLockResult.txt",
			);
			runOnlyForDeploymentPostprocessing = 0;
			shellPath = /bin/sh;
			shellScript = "diff \"${PODS_PODFILE_DIR_PATH}/Podfile.lock\" \"${PODS_ROOT}/Manifest.lock\" > /dev/null\nif [ $? != 0 ] ; then\n    # print error to STDERR\n    echo \"error: The sandbox is not in sync with the Podfile.lock. Run 'pod install' or update your CocoaPods installation.\" >&2\n    exit 1\nfi\n# This output is used by Xcode 'outputs' to avoid re-running this script phase.\necho \"SUCCESS\" > \"${SCRIPT_OUTPUT_FILE_0}\"\n";
			showEnvVarsInLog = 0;
		};
		BE4DBB6351EE404A21ABA1B8 /* [CP] Embed Pods Frameworks */ = {
			isa = PBXShellScriptBuildPhase;
			buildActionMask = 2147483647;
			files = (
			);
			inputPaths = (
				"${SRCROOT}/Pods/Target Support Files/Pods-notepad/Pods-notepad-frameworks.sh",
				"${BUILT_PRODUCTS_DIR}/OMGHTTPURLRQ/OMGHTTPURLRQ.framework",
				"${BUILT_PRODUCTS_DIR}/PromiseKit/PromiseKit.framework",
				"${BUILT_PRODUCTS_DIR}/SVProgressHUD/SVProgressHUD.framework",
				"${BUILT_PRODUCTS_DIR}/Tanker/Tanker.framework",
			);
			name = "[CP] Embed Pods Frameworks";
			outputPaths = (
				"${TARGET_BUILD_DIR}/${FRAMEWORKS_FOLDER_PATH}/OMGHTTPURLRQ.framework",
				"${TARGET_BUILD_DIR}/${FRAMEWORKS_FOLDER_PATH}/PromiseKit.framework",
				"${TARGET_BUILD_DIR}/${FRAMEWORKS_FOLDER_PATH}/SVProgressHUD.framework",
				"${TARGET_BUILD_DIR}/${FRAMEWORKS_FOLDER_PATH}/Tanker.framework",
			);
			runOnlyForDeploymentPostprocessing = 0;
			shellPath = /bin/sh;
			shellScript = "\"${SRCROOT}/Pods/Target Support Files/Pods-notepad/Pods-notepad-frameworks.sh\"\n";
			showEnvVarsInLog = 0;
		};
/* End PBXShellScriptBuildPhase section */

/* Begin PBXSourcesBuildPhase section */
		EB26171E207B8D8C00FCB028 /* Sources */ = {
			isa = PBXSourcesBuildPhase;
			buildActionMask = 2147483647;
			files = (
				50E10322218B044C00EA92FF /* ResetPasswordToken.m in Sources */,
				5001EF422181FA3D004393F7 /* BaseViewController.m in Sources */,
				504F88F82183674C0039E9D1 /* SharedNoteDetailsViewController.m in Sources */,
				EB9215F120F3C36400677596 /* SettingsViewController.m in Sources */,
				50A99F3D2181ECAE006BBA4D /* AuthenticatedViewController.m in Sources */,
				5022DFC52183151A007B3418 /* NoteTableViewCell.m in Sources */,
				EB141894207F919800A69EDA /* MyNoteViewController.m in Sources */,
				EB1A5D0F207BB739007A269F /* SignUpViewController.m in Sources */,
				50E1031F218AF12D00EA92FF /* ResetPasswordLinkViewController.m in Sources */,
				50E10327218C8D9000EA92FF /* StringValidator.m in Sources */,
				50E1031C218AEC1E00EA92FF /* ResetPasswordViewController.m in Sources */,
				506DFFF12189A886006936E4 /* Session.m in Sources */,
				5046960021876073008BEE58 /* HttpClient.m in Sources */,
				EB261735207B8D8C00FCB028 /* main.m in Sources */,
				EB261727207B8D8C00FCB028 /* AppDelegate.m in Sources */,
				5022DFC9218316FA007B3418 /* NoteTableViewItem.m in Sources */,
				EB84AE5E20F3BA150045CA98 /* SharedNotesViewController.m in Sources */,
				50E10319218AE26000EA92FF /* RequestResetPasswordViewController.m in Sources */,
				EB1A5D0C207BB721007A269F /* LoginViewController.m in Sources */,
				504695FD218755F8008BEE58 /* ApiClient.m in Sources */,
			);
			runOnlyForDeploymentPostprocessing = 0;
		};
		EB261736207B8D8C00FCB028 /* Sources */ = {
			isa = PBXSourcesBuildPhase;
			buildActionMask = 2147483647;
			files = (
				EB26173F207B8D8C00FCB028 /* notepadUITests.m in Sources */,
			);
			runOnlyForDeploymentPostprocessing = 0;
		};
/* End PBXSourcesBuildPhase section */

/* Begin PBXTargetDependency section */
		EB26173C207B8D8C00FCB028 /* PBXTargetDependency */ = {
			isa = PBXTargetDependency;
			target = EB261721207B8D8C00FCB028 /* notepad */;
			targetProxy = EB26173B207B8D8C00FCB028 /* PBXContainerItemProxy */;
		};
/* End PBXTargetDependency section */

/* Begin PBXVariantGroup section */
		EB26172B207B8D8C00FCB028 /* Main.storyboard */ = {
			isa = PBXVariantGroup;
			children = (
				EB26172C207B8D8C00FCB028 /* Base */,
			);
			name = Main.storyboard;
			sourceTree = "<group>";
		};
/* End PBXVariantGroup section */

/* Begin XCBuildConfiguration section */
		EB261741207B8D8C00FCB028 /* Debug */ = {
			isa = XCBuildConfiguration;
			buildSettings = {
				ALWAYS_SEARCH_USER_PATHS = NO;
				CLANG_ANALYZER_NONNULL = YES;
				CLANG_ANALYZER_NUMBER_OBJECT_CONVERSION = YES_AGGRESSIVE;
				CLANG_CXX_LANGUAGE_STANDARD = "gnu++14";
				CLANG_CXX_LIBRARY = "libc++";
				CLANG_ENABLE_MODULES = YES;
				CLANG_ENABLE_OBJC_ARC = YES;
				CLANG_WARN_BLOCK_CAPTURE_AUTORELEASING = YES;
				CLANG_WARN_BOOL_CONVERSION = YES;
				CLANG_WARN_COMMA = YES;
				CLANG_WARN_CONSTANT_CONVERSION = YES;
				CLANG_WARN_DEPRECATED_OBJC_IMPLEMENTATIONS = YES;
				CLANG_WARN_DIRECT_OBJC_ISA_USAGE = YES_ERROR;
				CLANG_WARN_DOCUMENTATION_COMMENTS = YES;
				CLANG_WARN_EMPTY_BODY = YES;
				CLANG_WARN_ENUM_CONVERSION = YES;
				CLANG_WARN_INFINITE_RECURSION = YES;
				CLANG_WARN_INT_CONVERSION = YES;
				CLANG_WARN_NON_LITERAL_NULL_CONVERSION = YES;
				CLANG_WARN_OBJC_IMPLICIT_RETAIN_SELF = YES;
				CLANG_WARN_OBJC_LITERAL_CONVERSION = YES;
				CLANG_WARN_OBJC_ROOT_CLASS = YES_ERROR;
				CLANG_WARN_RANGE_LOOP_ANALYSIS = YES;
				CLANG_WARN_STRICT_PROTOTYPES = YES;
				CLANG_WARN_SUSPICIOUS_MOVE = YES;
				CLANG_WARN_UNGUARDED_AVAILABILITY = YES_AGGRESSIVE;
				CLANG_WARN_UNREACHABLE_CODE = YES;
				CLANG_WARN__DUPLICATE_METHOD_MATCH = YES;
				CODE_SIGN_IDENTITY = "iPhone Developer";
				COPY_PHASE_STRIP = NO;
				DEBUG_INFORMATION_FORMAT = dwarf;
				ENABLE_STRICT_OBJC_MSGSEND = YES;
				ENABLE_TESTABILITY = YES;
				GCC_C_LANGUAGE_STANDARD = gnu11;
				GCC_DYNAMIC_NO_PIC = NO;
				GCC_NO_COMMON_BLOCKS = YES;
				GCC_OPTIMIZATION_LEVEL = 0;
				GCC_PREPROCESSOR_DEFINITIONS = (
					"DEBUG=1",
					"$(inherited)",
				);
				GCC_WARN_64_TO_32_BIT_CONVERSION = YES;
				GCC_WARN_ABOUT_RETURN_TYPE = YES_ERROR;
				GCC_WARN_UNDECLARED_SELECTOR = YES;
				GCC_WARN_UNINITIALIZED_AUTOS = YES_AGGRESSIVE;
				GCC_WARN_UNUSED_FUNCTION = YES;
				GCC_WARN_UNUSED_VARIABLE = YES;
				IPHONEOS_DEPLOYMENT_TARGET = 11.2;
				MTL_ENABLE_DEBUG_INFO = YES;
				ONLY_ACTIVE_ARCH = YES;
				SDKROOT = iphoneos;
			};
			name = Debug;
		};
		EB261742207B8D8C00FCB028 /* Release */ = {
			isa = XCBuildConfiguration;
			buildSettings = {
				ALWAYS_SEARCH_USER_PATHS = NO;
				CLANG_ANALYZER_NONNULL = YES;
				CLANG_ANALYZER_NUMBER_OBJECT_CONVERSION = YES_AGGRESSIVE;
				CLANG_CXX_LANGUAGE_STANDARD = "gnu++14";
				CLANG_CXX_LIBRARY = "libc++";
				CLANG_ENABLE_MODULES = YES;
				CLANG_ENABLE_OBJC_ARC = YES;
				CLANG_WARN_BLOCK_CAPTURE_AUTORELEASING = YES;
				CLANG_WARN_BOOL_CONVERSION = YES;
				CLANG_WARN_COMMA = YES;
				CLANG_WARN_CONSTANT_CONVERSION = YES;
				CLANG_WARN_DEPRECATED_OBJC_IMPLEMENTATIONS = YES;
				CLANG_WARN_DIRECT_OBJC_ISA_USAGE = YES_ERROR;
				CLANG_WARN_DOCUMENTATION_COMMENTS = YES;
				CLANG_WARN_EMPTY_BODY = YES;
				CLANG_WARN_ENUM_CONVERSION = YES;
				CLANG_WARN_INFINITE_RECURSION = YES;
				CLANG_WARN_INT_CONVERSION = YES;
				CLANG_WARN_NON_LITERAL_NULL_CONVERSION = YES;
				CLANG_WARN_OBJC_IMPLICIT_RETAIN_SELF = YES;
				CLANG_WARN_OBJC_LITERAL_CONVERSION = YES;
				CLANG_WARN_OBJC_ROOT_CLASS = YES_ERROR;
				CLANG_WARN_RANGE_LOOP_ANALYSIS = YES;
				CLANG_WARN_STRICT_PROTOTYPES = YES;
				CLANG_WARN_SUSPICIOUS_MOVE = YES;
				CLANG_WARN_UNGUARDED_AVAILABILITY = YES_AGGRESSIVE;
				CLANG_WARN_UNREACHABLE_CODE = YES;
				CLANG_WARN__DUPLICATE_METHOD_MATCH = YES;
				CODE_SIGN_IDENTITY = "iPhone Developer";
				COPY_PHASE_STRIP = NO;
				DEBUG_INFORMATION_FORMAT = "dwarf-with-dsym";
				ENABLE_NS_ASSERTIONS = NO;
				ENABLE_STRICT_OBJC_MSGSEND = YES;
				GCC_C_LANGUAGE_STANDARD = gnu11;
				GCC_NO_COMMON_BLOCKS = YES;
				GCC_WARN_64_TO_32_BIT_CONVERSION = YES;
				GCC_WARN_ABOUT_RETURN_TYPE = YES_ERROR;
				GCC_WARN_UNDECLARED_SELECTOR = YES;
				GCC_WARN_UNINITIALIZED_AUTOS = YES_AGGRESSIVE;
				GCC_WARN_UNUSED_FUNCTION = YES;
				GCC_WARN_UNUSED_VARIABLE = YES;
				IPHONEOS_DEPLOYMENT_TARGET = 11.2;
				MTL_ENABLE_DEBUG_INFO = NO;
				SDKROOT = iphoneos;
				VALIDATE_PRODUCT = YES;
			};
			name = Release;
		};
		EB261744207B8D8C00FCB028 /* Debug */ = {
			isa = XCBuildConfiguration;
			baseConfigurationReference = FF6A99A3E6ACCE3F2B329C7C /* Pods-notepad.debug.xcconfig */;
			buildSettings = {
				ASSETCATALOG_COMPILER_APPICON_NAME = AppIcon;
				CODE_SIGN_STYLE = Automatic;
				DEVELOPMENT_TEAM = JJU4FD8ENB;
				INFOPLIST_FILE = notepad/Info.plist;
				LD_RUNPATH_SEARCH_PATHS = "$(inherited) @executable_path/Frameworks";
				PRODUCT_BUNDLE_IDENTIFIER = tanker.io.notepad;
				PRODUCT_NAME = "$(TARGET_NAME)";
				TARGETED_DEVICE_FAMILY = "1,2";
			};
			name = Debug;
		};
		EB261745207B8D8C00FCB028 /* Release */ = {
			isa = XCBuildConfiguration;
			baseConfigurationReference = 99FA34511BC095E89FEC4058 /* Pods-notepad.release.xcconfig */;
			buildSettings = {
				ASSETCATALOG_COMPILER_APPICON_NAME = AppIcon;
				CODE_SIGN_STYLE = Automatic;
				DEVELOPMENT_TEAM = JJU4FD8ENB;
				INFOPLIST_FILE = notepad/Info.plist;
				LD_RUNPATH_SEARCH_PATHS = "$(inherited) @executable_path/Frameworks";
				PRODUCT_BUNDLE_IDENTIFIER = tanker.io.notepad;
				PRODUCT_NAME = "$(TARGET_NAME)";
				TARGETED_DEVICE_FAMILY = "1,2";
			};
			name = Release;
		};
		EB261747207B8D8C00FCB028 /* Debug */ = {
			isa = XCBuildConfiguration;
			buildSettings = {
				CODE_SIGN_STYLE = Automatic;
				DEVELOPMENT_TEAM = 5XDTLBME2P;
				INFOPLIST_FILE = notepadUITests/Info.plist;
				LD_RUNPATH_SEARCH_PATHS = "$(inherited) @executable_path/Frameworks @loader_path/Frameworks";
				PRODUCT_BUNDLE_IDENTIFIER = tanker.io.notepadUITests;
				PRODUCT_NAME = "$(TARGET_NAME)";
				TARGETED_DEVICE_FAMILY = "1,2";
				TEST_TARGET_NAME = notepad;
			};
			name = Debug;
		};
		EB261748207B8D8C00FCB028 /* Release */ = {
			isa = XCBuildConfiguration;
			buildSettings = {
				CODE_SIGN_STYLE = Automatic;
				DEVELOPMENT_TEAM = 5XDTLBME2P;
				INFOPLIST_FILE = notepadUITests/Info.plist;
				LD_RUNPATH_SEARCH_PATHS = "$(inherited) @executable_path/Frameworks @loader_path/Frameworks";
				PRODUCT_BUNDLE_IDENTIFIER = tanker.io.notepadUITests;
				PRODUCT_NAME = "$(TARGET_NAME)";
				TARGETED_DEVICE_FAMILY = "1,2";
				TEST_TARGET_NAME = notepad;
			};
			name = Release;
		};
/* End XCBuildConfiguration section */

/* Begin XCConfigurationList section */
		EB26171D207B8D8C00FCB028 /* Build configuration list for PBXProject "notepad" */ = {
			isa = XCConfigurationList;
			buildConfigurations = (
				EB261741207B8D8C00FCB028 /* Debug */,
				EB261742207B8D8C00FCB028 /* Release */,
			);
			defaultConfigurationIsVisible = 0;
			defaultConfigurationName = Release;
		};
		EB261743207B8D8C00FCB028 /* Build configuration list for PBXNativeTarget "notepad" */ = {
			isa = XCConfigurationList;
			buildConfigurations = (
				EB261744207B8D8C00FCB028 /* Debug */,
				EB261745207B8D8C00FCB028 /* Release */,
			);
			defaultConfigurationIsVisible = 0;
			defaultConfigurationName = Release;
		};
		EB261746207B8D8C00FCB028 /* Build configuration list for PBXNativeTarget "notepadUITests" */ = {
			isa = XCConfigurationList;
			buildConfigurations = (
				EB261747207B8D8C00FCB028 /* Debug */,
				EB261748207B8D8C00FCB028 /* Release */,
			);
			defaultConfigurationIsVisible = 0;
			defaultConfigurationName = Release;
		};
/* End XCConfigurationList section */
	};
	rootObject = EB26171A207B8D8C00FCB028 /* Project object */;
}
