PODS:
  - OMGHTTPURLRQ (3.2.4):
    - OMGHTTPURLRQ/RQ (= 3.2.4)
  - OMGHTTPURLRQ/FormURLEncode (3.2.4)
  - OMGHTTPURLRQ/RQ (3.2.4):
    - OMGHTTPURLRQ/FormURLEncode
    - OMGHTTPURLRQ/UserAgent
  - OMGHTTPURLRQ/UserAgent (3.2.4)
  - PromiseKit (1.7.7):
    - PromiseKit/CALayer (= 1.7.7)
    - PromiseKit/NSNotificationCenter (= 1.7.7)
    - PromiseKit/NSURLConnection (= 1.7.7)
    - PromiseKit/Pause (= 1.7.7)
    - PromiseKit/UIActionSheet (= 1.7.7)
    - PromiseKit/UIAlertView (= 1.7.7)
    - PromiseKit/UIView (= 1.7.7)
    - PromiseKit/UIViewController (= 1.7.7)
    - PromiseKit/Until (= 1.7.7)
    - PromiseKit/When (= 1.7.7)
  - PromiseKit/CALayer (1.7.7):
    - PromiseKit/Promise
  - PromiseKit/NSNotificationCenter (1.7.7):
    - PromiseKit/Promise
  - PromiseKit/NSURLConnection (1.7.7):
    - OMGHTTPURLRQ (~> 3.2)
    - PromiseKit/Promise
  - PromiseKit/Pause (1.7.7):
    - PromiseKit/Promise
  - PromiseKit/Promise (1.7.7)
  - PromiseKit/UIActionSheet (1.7.7):
    - PromiseKit/Promise
  - PromiseKit/UIAlertView (1.7.7):
    - PromiseKit/Promise
  - PromiseKit/UIView (1.7.7):
    - PromiseKit/Promise
  - PromiseKit/UIViewController (1.7.7):
    - PromiseKit/Promise
  - PromiseKit/Until (1.7.7):
    - PromiseKit/Promise
    - PromiseKit/When
  - PromiseKit/When (1.7.7):
    - PromiseKit/Promise
  - Tanker (1.7.0):
    - PromiseKit/Promise (~> 1.7)
    - PromiseKit/When (~> 1.7)
    - Tanker/libtanker (= 1.7.0)
  - Tanker/libtanker (1.7.0):
    - PromiseKit/Promise (~> 1.7)
    - PromiseKit/When (~> 1.7)

DEPENDENCIES:
  - PromiseKit (~> 1.7)
  - Tanker (= 1.7.0)

SPEC REPOS:
  https://github.com/cocoapods/specs.git:
    - OMGHTTPURLRQ
    - PromiseKit
  https://github.com/TankerHQ/PodSpecs.git:
    - Tanker

SPEC CHECKSUMS:
  OMGHTTPURLRQ: 9ac96bdf5c90a33f75836630729ea1adc312a9ed
  PromiseKit: 9007df2f9e2ef725467084ab3880cf932ab935a4
  Tanker: b9687c3400b664cbc64833baba027e72122064df

PODFILE CHECKSUM: e3602803b270265ed5adf1c69bf1bf48f387e64c

COCOAPODS: 1.5.3
