// !$*UTF8*$!
{
	archiveVersion = 1;
	classes = {
	};
	objectVersion = 48;
	objects = {

/* Begin PBXBuildFile section */
		642B3E93DCBFE436E492E431 /* Pods_tanker_ui_demo.framework in Frameworks */ = {isa = PBXBuildFile; fileRef = 6B18D7DEDBE1E69900049E49 /* Pods_tanker_ui_demo.framework */; };
		EB141894207F919800A69EDA /* GreatSuccessViewController.m in Sources */ = {isa = PBXBuildFile; fileRef = EB141893207F919800A69EDA /* GreatSuccessViewController.m */; };
		EB1A5D0C207BB721007A269F /* LoginViewController.m in Sources */ = {isa = PBXBuildFile; fileRef = EB1A5D0B207BB721007A269F /* LoginViewController.m */; };
		EB1A5D0F207BB739007A269F /* SignUpViewController.m in Sources */ = {isa = PBXBuildFile; fileRef = EB1A5D0E207BB739007A269F /* SignUpViewController.m */; };
		EB261727207B8D8C00FCB028 /* AppDelegate.m in Sources */ = {isa = PBXBuildFile; fileRef = EB261726207B8D8C00FCB028 /* AppDelegate.m */; };
		EB26172D207B8D8C00FCB028 /* Main.storyboard in Resources */ = {isa = PBXBuildFile; fileRef = EB26172B207B8D8C00FCB028 /* Main.storyboard */; };
		EB26172F207B8D8C00FCB028 /* Assets.xcassets in Resources */ = {isa = PBXBuildFile; fileRef = EB26172E207B8D8C00FCB028 /* Assets.xcassets */; };
		EB261735207B8D8C00FCB028 /* main.m in Sources */ = {isa = PBXBuildFile; fileRef = EB261734207B8D8C00FCB028 /* main.m */; };
		EB26173F207B8D8C00FCB028 /* tanker_ui_demoUITests.m in Sources */ = {isa = PBXBuildFile; fileRef = EB26173E207B8D8C00FCB028 /* tanker_ui_demoUITests.m */; };
		EB84AE5E20F3BA150045CA98 /* HomeViewController.m in Sources */ = {isa = PBXBuildFile; fileRef = EB84AE5D20F3BA150045CA98 /* HomeViewController.m */; };
		EB9215F120F3C36400677596 /* ChangePasswordViewController.m in Sources */ = {isa = PBXBuildFile; fileRef = EB9215EE20F3C36400677596 /* ChangePasswordViewController.m */; };
		EB9852AE207B9C210008C567 /* Globals.m in Sources */ = {isa = PBXBuildFile; fileRef = EB9852AD207B9C210008C567 /* Globals.m */; };
/* End PBXBuildFile section */

/* Begin PBXContainerItemProxy section */
		EB26173B207B8D8C00FCB028 /* PBXContainerItemProxy */ = {
			isa = PBXContainerItemProxy;
			containerPortal = EB26171A207B8D8C00FCB028 /* Project object */;
			proxyType = 1;
			remoteGlobalIDString = EB261721207B8D8C00FCB028;
			remoteInfo = "tanker-ui-demo";
		};
/* End PBXContainerItemProxy section */

/* Begin PBXFileReference section */
		10604AD3756D64E5351AB1BB /* Pods-tanker-ui-demo.release.xcconfig */ = {isa = PBXFileReference; includeInIndex = 1; lastKnownFileType = text.xcconfig; name = "Pods-tanker-ui-demo.release.xcconfig"; path = "Pods/Target Support Files/Pods-tanker-ui-demo/Pods-tanker-ui-demo.release.xcconfig"; sourceTree = "<group>"; };
		6B18D7DEDBE1E69900049E49 /* Pods_tanker_ui_demo.framework */ = {isa = PBXFileReference; explicitFileType = wrapper.framework; includeInIndex = 0; path = Pods_tanker_ui_demo.framework; sourceTree = BUILT_PRODUCTS_DIR; };
		97113D974B294BC7EB7075A0 /* Pods-tanker-ui-demo.debug.xcconfig */ = {isa = PBXFileReference; includeInIndex = 1; lastKnownFileType = text.xcconfig; name = "Pods-tanker-ui-demo.debug.xcconfig"; path = "Pods/Target Support Files/Pods-tanker-ui-demo/Pods-tanker-ui-demo.debug.xcconfig"; sourceTree = "<group>"; };
		EB141892207F919800A69EDA /* GreatSuccessViewController.h */ = {isa = PBXFileReference; lastKnownFileType = sourcecode.c.h; path = GreatSuccessViewController.h; sourceTree = "<group>"; };
		EB141893207F919800A69EDA /* GreatSuccessViewController.m */ = {isa = PBXFileReference; lastKnownFileType = sourcecode.c.objc; path = GreatSuccessViewController.m; sourceTree = "<group>"; };
		EB1A5D0A207BB721007A269F /* LoginViewController.h */ = {isa = PBXFileReference; lastKnownFileType = sourcecode.c.h; path = LoginViewController.h; sourceTree = "<group>"; };
		EB1A5D0B207BB721007A269F /* LoginViewController.m */ = {isa = PBXFileReference; lastKnownFileType = sourcecode.c.objc; path = LoginViewController.m; sourceTree = "<group>"; };
		EB1A5D0D207BB739007A269F /* SignUpViewController.h */ = {isa = PBXFileReference; lastKnownFileType = sourcecode.c.h; path = SignUpViewController.h; sourceTree = "<group>"; };
		EB1A5D0E207BB739007A269F /* SignUpViewController.m */ = {isa = PBXFileReference; lastKnownFileType = sourcecode.c.objc; path = SignUpViewController.m; sourceTree = "<group>"; };
		EB261722207B8D8C00FCB028 /* tanker-ui-demo.app */ = {isa = PBXFileReference; explicitFileType = wrapper.application; includeInIndex = 0; path = "tanker-ui-demo.app"; sourceTree = BUILT_PRODUCTS_DIR; };
		EB261725207B8D8C00FCB028 /* AppDelegate.h */ = {isa = PBXFileReference; lastKnownFileType = sourcecode.c.h; path = AppDelegate.h; sourceTree = "<group>"; };
		EB261726207B8D8C00FCB028 /* AppDelegate.m */ = {isa = PBXFileReference; lastKnownFileType = sourcecode.c.objc; path = AppDelegate.m; sourceTree = "<group>"; };
		EB26172C207B8D8C00FCB028 /* Base */ = {isa = PBXFileReference; lastKnownFileType = file.storyboard; name = Base; path = Base.lproj/Main.storyboard; sourceTree = "<group>"; };
		EB26172E207B8D8C00FCB028 /* Assets.xcassets */ = {isa = PBXFileReference; lastKnownFileType = folder.assetcatalog; path = Assets.xcassets; sourceTree = "<group>"; };
		EB261733207B8D8C00FCB028 /* Info.plist */ = {isa = PBXFileReference; lastKnownFileType = text.plist.xml; path = Info.plist; sourceTree = "<group>"; };
		EB261734207B8D8C00FCB028 /* main.m */ = {isa = PBXFileReference; lastKnownFileType = sourcecode.c.objc; path = main.m; sourceTree = "<group>"; };
		EB26173A207B8D8C00FCB028 /* tanker-ui-demoUITests.xctest */ = {isa = PBXFileReference; explicitFileType = wrapper.cfbundle; includeInIndex = 0; path = "tanker-ui-demoUITests.xctest"; sourceTree = BUILT_PRODUCTS_DIR; };
		EB26173E207B8D8C00FCB028 /* tanker_ui_demoUITests.m */ = {isa = PBXFileReference; lastKnownFileType = sourcecode.c.objc; path = tanker_ui_demoUITests.m; sourceTree = "<group>"; };
		EB261740207B8D8C00FCB028 /* Info.plist */ = {isa = PBXFileReference; lastKnownFileType = text.plist.xml; path = Info.plist; sourceTree = "<group>"; };
		EB84AE5D20F3BA150045CA98 /* HomeViewController.m */ = {isa = PBXFileReference; lastKnownFileType = sourcecode.c.objc; path = HomeViewController.m; sourceTree = "<group>"; };
		EB84AE5F20F3BA2F0045CA98 /* HomeViewController.h */ = {isa = PBXFileReference; lastKnownFileType = sourcecode.c.h; path = HomeViewController.h; sourceTree = "<group>"; };
		EB9215ED20F3C36400677596 /* ChangePasswordViewController.h */ = {isa = PBXFileReference; fileEncoding = 4; lastKnownFileType = sourcecode.c.h; path = ChangePasswordViewController.h; sourceTree = "<group>"; };
		EB9215EE20F3C36400677596 /* ChangePasswordViewController.m */ = {isa = PBXFileReference; fileEncoding = 4; lastKnownFileType = sourcecode.c.objc; path = ChangePasswordViewController.m; sourceTree = "<group>"; };
		EB9852AC207B9BB70008C567 /* Globals.h */ = {isa = PBXFileReference; lastKnownFileType = sourcecode.c.h; path = Globals.h; sourceTree = "<group>"; };
		EB9852AD207B9C210008C567 /* Globals.m */ = {isa = PBXFileReference; lastKnownFileType = sourcecode.c.objc; path = Globals.m; sourceTree = "<group>"; };
/* End PBXFileReference section */

/* Begin PBXFrameworksBuildPhase section */
		EB26171F207B8D8C00FCB028 /* Frameworks */ = {
			isa = PBXFrameworksBuildPhase;
			buildActionMask = 2147483647;
			files = (
				642B3E93DCBFE436E492E431 /* Pods_tanker_ui_demo.framework in Frameworks */,
			);
			runOnlyForDeploymentPostprocessing = 0;
		};
		EB261737207B8D8C00FCB028 /* Frameworks */ = {
			isa = PBXFrameworksBuildPhase;
			buildActionMask = 2147483647;
			files = (
			);
			runOnlyForDeploymentPostprocessing = 0;
		};
/* End PBXFrameworksBuildPhase section */

/* Begin PBXGroup section */
		4DFC5D3E5C445EE68B0A2840 /* Frameworks */ = {
			isa = PBXGroup;
			children = (
				6B18D7DEDBE1E69900049E49 /* Pods_tanker_ui_demo.framework */,
			);
			name = Frameworks;
			sourceTree = "<group>";
		};
		C12416623696B57690123CA7 /* Pods */ = {
			isa = PBXGroup;
			children = (
				97113D974B294BC7EB7075A0 /* Pods-tanker-ui-demo.debug.xcconfig */,
				10604AD3756D64E5351AB1BB /* Pods-tanker-ui-demo.release.xcconfig */,
			);
			name = Pods;
			sourceTree = "<group>";
		};
		EB261719207B8D8C00FCB028 = {
			isa = PBXGroup;
			children = (
				EB261724207B8D8C00FCB028 /* tanker-ui-demo */,
				EB26173D207B8D8C00FCB028 /* tanker-ui-demoUITests */,
				EB261723207B8D8C00FCB028 /* Products */,
				C12416623696B57690123CA7 /* Pods */,
				4DFC5D3E5C445EE68B0A2840 /* Frameworks */,
			);
			sourceTree = "<group>";
		};
		EB261723207B8D8C00FCB028 /* Products */ = {
			isa = PBXGroup;
			children = (
				EB261722207B8D8C00FCB028 /* tanker-ui-demo.app */,
				EB26173A207B8D8C00FCB028 /* tanker-ui-demoUITests.xctest */,
			);
			name = Products;
			sourceTree = "<group>";
		};
		EB261724207B8D8C00FCB028 /* tanker-ui-demo */ = {
			isa = PBXGroup;
			children = (
				EB7C684C20863218000C037B /* Controllers */,
				EB261725207B8D8C00FCB028 /* AppDelegate.h */,
				EB261726207B8D8C00FCB028 /* AppDelegate.m */,
				EB26172B207B8D8C00FCB028 /* Main.storyboard */,
				EB26172E207B8D8C00FCB028 /* Assets.xcassets */,
				EB261733207B8D8C00FCB028 /* Info.plist */,
				EB261734207B8D8C00FCB028 /* main.m */,
				EB9852AC207B9BB70008C567 /* Globals.h */,
				EB9852AD207B9C210008C567 /* Globals.m */,
			);
			path = "tanker-ui-demo";
			sourceTree = "<group>";
		};
		EB26173D207B8D8C00FCB028 /* tanker-ui-demoUITests */ = {
			isa = PBXGroup;
			children = (
				EB26173E207B8D8C00FCB028 /* tanker_ui_demoUITests.m */,
				EB261740207B8D8C00FCB028 /* Info.plist */,
			);
			path = "tanker-ui-demoUITests";
			sourceTree = "<group>";
		};
		EB7C684C20863218000C037B /* Controllers */ = {
			isa = PBXGroup;
			children = (
				EB9215ED20F3C36400677596 /* ChangePasswordViewController.h */,
				EB9215EE20F3C36400677596 /* ChangePasswordViewController.m */,
				EB1A5D0A207BB721007A269F /* LoginViewController.h */,
				EB1A5D0B207BB721007A269F /* LoginViewController.m */,
				EB1A5D0D207BB739007A269F /* SignUpViewController.h */,
				EB1A5D0E207BB739007A269F /* SignUpViewController.m */,
				EB141892207F919800A69EDA /* GreatSuccessViewController.h */,
				EB141893207F919800A69EDA /* GreatSuccessViewController.m */,
				EB84AE5F20F3BA2F0045CA98 /* HomeViewController.h */,
				EB84AE5D20F3BA150045CA98 /* HomeViewController.m */,
			);
			path = Controllers;
			sourceTree = "<group>";
		};
/* End PBXGroup section */

/* Begin PBXNativeTarget section */
		EB261721207B8D8C00FCB028 /* tanker-ui-demo */ = {
			isa = PBXNativeTarget;
			buildConfigurationList = EB261743207B8D8C00FCB028 /* Build configuration list for PBXNativeTarget "tanker-ui-demo" */;
			buildPhases = (
				02DA0F8AFF4877A4126115E8 /* [CP] Check Pods Manifest.lock */,
				EB26171E207B8D8C00FCB028 /* Sources */,
				EB26171F207B8D8C00FCB028 /* Frameworks */,
				EB261720207B8D8C00FCB028 /* Resources */,
				8A651541C4FA9F245476C58A /* [CP] Embed Pods Frameworks */,
			);
			buildRules = (
			);
			dependencies = (
			);
			name = "tanker-ui-demo";
			productName = "tanker-ui-demo";
			productReference = EB261722207B8D8C00FCB028 /* tanker-ui-demo.app */;
			productType = "com.apple.product-type.application";
		};
		EB261739207B8D8C00FCB028 /* tanker-ui-demoUITests */ = {
			isa = PBXNativeTarget;
			buildConfigurationList = EB261746207B8D8C00FCB028 /* Build configuration list for PBXNativeTarget "tanker-ui-demoUITests" */;
			buildPhases = (
				EB261736207B8D8C00FCB028 /* Sources */,
				EB261737207B8D8C00FCB028 /* Frameworks */,
				EB261738207B8D8C00FCB028 /* Resources */,
			);
			buildRules = (
			);
			dependencies = (
				EB26173C207B8D8C00FCB028 /* PBXTargetDependency */,
			);
			name = "tanker-ui-demoUITests";
			productName = "tanker-ui-demoUITests";
			productReference = EB26173A207B8D8C00FCB028 /* tanker-ui-demoUITests.xctest */;
			productType = "com.apple.product-type.bundle.ui-testing";
		};
/* End PBXNativeTarget section */

/* Begin PBXProject section */
		EB26171A207B8D8C00FCB028 /* Project object */ = {
			isa = PBXProject;
			attributes = {
				LastUpgradeCheck = 0920;
				ORGANIZATIONNAME = Tanker;
				TargetAttributes = {
					EB261721207B8D8C00FCB028 = {
						CreatedOnToolsVersion = 9.2;
						ProvisioningStyle = Automatic;
					};
					EB261739207B8D8C00FCB028 = {
						CreatedOnToolsVersion = 9.2;
						ProvisioningStyle = Automatic;
						TestTargetID = EB261721207B8D8C00FCB028;
					};
				};
			};
			buildConfigurationList = EB26171D207B8D8C00FCB028 /* Build configuration list for PBXProject "tanker-ui-demo" */;
			compatibilityVersion = "Xcode 8.0";
			developmentRegion = en;
			hasScannedForEncodings = 0;
			knownRegions = (
				en,
				Base,
			);
			mainGroup = EB261719207B8D8C00FCB028;
			productRefGroup = EB261723207B8D8C00FCB028 /* Products */;
			projectDirPath = "";
			projectRoot = "";
			targets = (
				EB261721207B8D8C00FCB028 /* tanker-ui-demo */,
				EB261739207B8D8C00FCB028 /* tanker-ui-demoUITests */,
			);
		};
/* End PBXProject section */

/* Begin PBXResourcesBuildPhase section */
		EB261720207B8D8C00FCB028 /* Resources */ = {
			isa = PBXResourcesBuildPhase;
			buildActionMask = 2147483647;
			files = (
				EB26172F207B8D8C00FCB028 /* Assets.xcassets in Resources */,
				EB26172D207B8D8C00FCB028 /* Main.storyboard in Resources */,
			);
			runOnlyForDeploymentPostprocessing = 0;
		};
		EB261738207B8D8C00FCB028 /* Resources */ = {
			isa = PBXResourcesBuildPhase;
			buildActionMask = 2147483647;
			files = (
			);
			runOnlyForDeploymentPostprocessing = 0;
		};
/* End PBXResourcesBuildPhase section */

/* Begin PBXShellScriptBuildPhase section */
		02DA0F8AFF4877A4126115E8 /* [CP] Check Pods Manifest.lock */ = {
			isa = PBXShellScriptBuildPhase;
			buildActionMask = 2147483647;
			files = (
			);
			inputPaths = (
				"${PODS_PODFILE_DIR_PATH}/Podfile.lock",
				"${PODS_ROOT}/Manifest.lock",
			);
			name = "[CP] Check Pods Manifest.lock";
			outputPaths = (
				"$(DERIVED_FILE_DIR)/Pods-tanker-ui-demo-checkManifestLockResult.txt",
			);
			runOnlyForDeploymentPostprocessing = 0;
			shellPath = /bin/sh;
			shellScript = "diff \"${PODS_PODFILE_DIR_PATH}/Podfile.lock\" \"${PODS_ROOT}/Manifest.lock\" > /dev/null\nif [ $? != 0 ] ; then\n    # print error to STDERR\n    echo \"error: The sandbox is not in sync with the Podfile.lock. Run 'pod install' or update your CocoaPods installation.\" >&2\n    exit 1\nfi\n# This output is used by Xcode 'outputs' to avoid re-running this script phase.\necho \"SUCCESS\" > \"${SCRIPT_OUTPUT_FILE_0}\"\n";
			showEnvVarsInLog = 0;
		};
		8A651541C4FA9F245476C58A /* [CP] Embed Pods Frameworks */ = {
			isa = PBXShellScriptBuildPhase;
			buildActionMask = 2147483647;
			files = (
			);
			inputPaths = (
				"${SRCROOT}/Pods/Target Support Files/Pods-tanker-ui-demo/Pods-tanker-ui-demo-frameworks.sh",
				"${BUILT_PRODUCTS_DIR}/OMGHTTPURLRQ/OMGHTTPURLRQ.framework",
				"${BUILT_PRODUCTS_DIR}/PromiseKit/PromiseKit.framework",
				"${BUILT_PRODUCTS_DIR}/Tanker/Tanker.framework",
			);
			name = "[CP] Embed Pods Frameworks";
			outputPaths = (
				"${TARGET_BUILD_DIR}/${FRAMEWORKS_FOLDER_PATH}/OMGHTTPURLRQ.framework",
				"${TARGET_BUILD_DIR}/${FRAMEWORKS_FOLDER_PATH}/PromiseKit.framework",
				"${TARGET_BUILD_DIR}/${FRAMEWORKS_FOLDER_PATH}/Tanker.framework",
			);
			runOnlyForDeploymentPostprocessing = 0;
			shellPath = /bin/sh;
			shellScript = "\"${SRCROOT}/Pods/Target Support Files/Pods-tanker-ui-demo/Pods-tanker-ui-demo-frameworks.sh\"\n";
			showEnvVarsInLog = 0;
		};
/* End PBXShellScriptBuildPhase section */

/* Begin PBXSourcesBuildPhase section */
		EB26171E207B8D8C00FCB028 /* Sources */ = {
			isa = PBXSourcesBuildPhase;
			buildActionMask = 2147483647;
			files = (
				EB9852AE207B9C210008C567 /* Globals.m in Sources */,
				EB9215F120F3C36400677596 /* ChangePasswordViewController.m in Sources */,
				EB141894207F919800A69EDA /* GreatSuccessViewController.m in Sources */,
				EB1A5D0F207BB739007A269F /* SignUpViewController.m in Sources */,
				EB261735207B8D8C00FCB028 /* main.m in Sources */,
				EB261727207B8D8C00FCB028 /* AppDelegate.m in Sources */,
				EB84AE5E20F3BA150045CA98 /* HomeViewController.m in Sources */,
				EB1A5D0C207BB721007A269F /* LoginViewController.m in Sources */,
			);
			runOnlyForDeploymentPostprocessing = 0;
		};
		EB261736207B8D8C00FCB028 /* Sources */ = {
			isa = PBXSourcesBuildPhase;
			buildActionMask = 2147483647;
			files = (
				EB26173F207B8D8C00FCB028 /* tanker_ui_demoUITests.m in Sources */,
			);
			runOnlyForDeploymentPostprocessing = 0;
		};
/* End PBXSourcesBuildPhase section */

/* Begin PBXTargetDependency section */
		EB26173C207B8D8C00FCB028 /* PBXTargetDependency */ = {
			isa = PBXTargetDependency;
			target = EB261721207B8D8C00FCB028 /* tanker-ui-demo */;
			targetProxy = EB26173B207B8D8C00FCB028 /* PBXContainerItemProxy */;
		};
/* End PBXTargetDependency section */

/* Begin PBXVariantGroup section */
		EB26172B207B8D8C00FCB028 /* Main.storyboard */ = {
			isa = PBXVariantGroup;
			children = (
				EB26172C207B8D8C00FCB028 /* Base */,
			);
			name = Main.storyboard;
			sourceTree = "<group>";
		};
/* End PBXVariantGroup section */

/* Begin XCBuildConfiguration section */
		EB261741207B8D8C00FCB028 /* Debug */ = {
			isa = XCBuildConfiguration;
			buildSettings = {
				ALWAYS_SEARCH_USER_PATHS = NO;
				CLANG_ANALYZER_NONNULL = YES;
				CLANG_ANALYZER_NUMBER_OBJECT_CONVERSION = YES_AGGRESSIVE;
				CLANG_CXX_LANGUAGE_STANDARD = "gnu++14";
				CLANG_CXX_LIBRARY = "libc++";
				CLANG_ENABLE_MODULES = YES;
				CLANG_ENABLE_OBJC_ARC = YES;
				CLANG_WARN_BLOCK_CAPTURE_AUTORELEASING = YES;
				CLANG_WARN_BOOL_CONVERSION = YES;
				CLANG_WARN_COMMA = YES;
				CLANG_WARN_CONSTANT_CONVERSION = YES;
				CLANG_WARN_DIRECT_OBJC_ISA_USAGE = YES_ERROR;
				CLANG_WARN_DOCUMENTATION_COMMENTS = YES;
				CLANG_WARN_EMPTY_BODY = YES;
				CLANG_WARN_ENUM_CONVERSION = YES;
				CLANG_WARN_INFINITE_RECURSION = YES;
				CLANG_WARN_INT_CONVERSION = YES;
				CLANG_WARN_NON_LITERAL_NULL_CONVERSION = YES;
				CLANG_WARN_OBJC_LITERAL_CONVERSION = YES;
				CLANG_WARN_OBJC_ROOT_CLASS = YES_ERROR;
				CLANG_WARN_RANGE_LOOP_ANALYSIS = YES;
				CLANG_WARN_STRICT_PROTOTYPES = YES;
				CLANG_WARN_SUSPICIOUS_MOVE = YES;
				CLANG_WARN_UNGUARDED_AVAILABILITY = YES_AGGRESSIVE;
				CLANG_WARN_UNREACHABLE_CODE = YES;
				CLANG_WARN__DUPLICATE_METHOD_MATCH = YES;
				CODE_SIGN_IDENTITY = "iPhone Developer";
				COPY_PHASE_STRIP = NO;
				DEBUG_INFORMATION_FORMAT = dwarf;
				ENABLE_STRICT_OBJC_MSGSEND = YES;
				ENABLE_TESTABILITY = YES;
				GCC_C_LANGUAGE_STANDARD = gnu11;
				GCC_DYNAMIC_NO_PIC = NO;
				GCC_NO_COMMON_BLOCKS = YES;
				GCC_OPTIMIZATION_LEVEL = 0;
				GCC_PREPROCESSOR_DEFINITIONS = (
					"DEBUG=1",
					"$(inherited)",
				);
				GCC_WARN_64_TO_32_BIT_CONVERSION = YES;
				GCC_WARN_ABOUT_RETURN_TYPE = YES_ERROR;
				GCC_WARN_UNDECLARED_SELECTOR = YES;
				GCC_WARN_UNINITIALIZED_AUTOS = YES_AGGRESSIVE;
				GCC_WARN_UNUSED_FUNCTION = YES;
				GCC_WARN_UNUSED_VARIABLE = YES;
				IPHONEOS_DEPLOYMENT_TARGET = 11.2;
				MTL_ENABLE_DEBUG_INFO = YES;
				ONLY_ACTIVE_ARCH = YES;
				SDKROOT = iphoneos;
			};
			name = Debug;
		};
		EB261742207B8D8C00FCB028 /* Release */ = {
			isa = XCBuildConfiguration;
			buildSettings = {
				ALWAYS_SEARCH_USER_PATHS = NO;
				CLANG_ANALYZER_NONNULL = YES;
				CLANG_ANALYZER_NUMBER_OBJECT_CONVERSION = YES_AGGRESSIVE;
				CLANG_CXX_LANGUAGE_STANDARD = "gnu++14";
				CLANG_CXX_LIBRARY = "libc++";
				CLANG_ENABLE_MODULES = YES;
				CLANG_ENABLE_OBJC_ARC = YES;
				CLANG_WARN_BLOCK_CAPTURE_AUTORELEASING = YES;
				CLANG_WARN_BOOL_CONVERSION = YES;
				CLANG_WARN_COMMA = YES;
				CLANG_WARN_CONSTANT_CONVERSION = YES;
				CLANG_WARN_DIRECT_OBJC_ISA_USAGE = YES_ERROR;
				CLANG_WARN_DOCUMENTATION_COMMENTS = YES;
				CLANG_WARN_EMPTY_BODY = YES;
				CLANG_WARN_ENUM_CONVERSION = YES;
				CLANG_WARN_INFINITE_RECURSION = YES;
				CLANG_WARN_INT_CONVERSION = YES;
				CLANG_WARN_NON_LITERAL_NULL_CONVERSION = YES;
				CLANG_WARN_OBJC_LITERAL_CONVERSION = YES;
				CLANG_WARN_OBJC_ROOT_CLASS = YES_ERROR;
				CLANG_WARN_RANGE_LOOP_ANALYSIS = YES;
				CLANG_WARN_STRICT_PROTOTYPES = YES;
				CLANG_WARN_SUSPICIOUS_MOVE = YES;
				CLANG_WARN_UNGUARDED_AVAILABILITY = YES_AGGRESSIVE;
				CLANG_WARN_UNREACHABLE_CODE = YES;
				CLANG_WARN__DUPLICATE_METHOD_MATCH = YES;
				CODE_SIGN_IDENTITY = "iPhone Developer";
				COPY_PHASE_STRIP = NO;
				DEBUG_INFORMATION_FORMAT = "dwarf-with-dsym";
				ENABLE_NS_ASSERTIONS = NO;
				ENABLE_STRICT_OBJC_MSGSEND = YES;
				GCC_C_LANGUAGE_STANDARD = gnu11;
				GCC_NO_COMMON_BLOCKS = YES;
				GCC_WARN_64_TO_32_BIT_CONVERSION = YES;
				GCC_WARN_ABOUT_RETURN_TYPE = YES_ERROR;
				GCC_WARN_UNDECLARED_SELECTOR = YES;
				GCC_WARN_UNINITIALIZED_AUTOS = YES_AGGRESSIVE;
				GCC_WARN_UNUSED_FUNCTION = YES;
				GCC_WARN_UNUSED_VARIABLE = YES;
				IPHONEOS_DEPLOYMENT_TARGET = 11.2;
				MTL_ENABLE_DEBUG_INFO = NO;
				SDKROOT = iphoneos;
				VALIDATE_PRODUCT = YES;
			};
			name = Release;
		};
		EB261744207B8D8C00FCB028 /* Debug */ = {
			isa = XCBuildConfiguration;
			baseConfigurationReference = 97113D974B294BC7EB7075A0 /* Pods-tanker-ui-demo.debug.xcconfig */;
			buildSettings = {
				ASSETCATALOG_COMPILER_APPICON_NAME = AppIcon;
				CODE_SIGN_STYLE = Automatic;
				DEVELOPMENT_TEAM = JJU4FD8ENB;
				INFOPLIST_FILE = "tanker-ui-demo/Info.plist";
				LD_RUNPATH_SEARCH_PATHS = "$(inherited) @executable_path/Frameworks";
				PRODUCT_BUNDLE_IDENTIFIER = "tanker.io.tanker-ui-demo";
				PRODUCT_NAME = "$(TARGET_NAME)";
				TARGETED_DEVICE_FAMILY = "1,2";
			};
			name = Debug;
		};
		EB261745207B8D8C00FCB028 /* Release */ = {
			isa = XCBuildConfiguration;
			baseConfigurationReference = 10604AD3756D64E5351AB1BB /* Pods-tanker-ui-demo.release.xcconfig */;
			buildSettings = {
				ASSETCATALOG_COMPILER_APPICON_NAME = AppIcon;
				CODE_SIGN_STYLE = Automatic;
				DEVELOPMENT_TEAM = JJU4FD8ENB;
				INFOPLIST_FILE = "tanker-ui-demo/Info.plist";
				LD_RUNPATH_SEARCH_PATHS = "$(inherited) @executable_path/Frameworks";
				PRODUCT_BUNDLE_IDENTIFIER = "tanker.io.tanker-ui-demo";
				PRODUCT_NAME = "$(TARGET_NAME)";
				TARGETED_DEVICE_FAMILY = "1,2";
			};
			name = Release;
		};
		EB261747207B8D8C00FCB028 /* Debug */ = {
			isa = XCBuildConfiguration;
			buildSettings = {
				CODE_SIGN_STYLE = Automatic;
				DEVELOPMENT_TEAM = 5XDTLBME2P;
				INFOPLIST_FILE = "tanker-ui-demoUITests/Info.plist";
				LD_RUNPATH_SEARCH_PATHS = "$(inherited) @executable_path/Frameworks @loader_path/Frameworks";
				PRODUCT_BUNDLE_IDENTIFIER = "tanker.io.tanker-ui-demoUITests";
				PRODUCT_NAME = "$(TARGET_NAME)";
				TARGETED_DEVICE_FAMILY = "1,2";
				TEST_TARGET_NAME = "tanker-ui-demo";
			};
			name = Debug;
		};
		EB261748207B8D8C00FCB028 /* Release */ = {
			isa = XCBuildConfiguration;
			buildSettings = {
				CODE_SIGN_STYLE = Automatic;
				DEVELOPMENT_TEAM = 5XDTLBME2P;
				INFOPLIST_FILE = "tanker-ui-demoUITests/Info.plist";
				LD_RUNPATH_SEARCH_PATHS = "$(inherited) @executable_path/Frameworks @loader_path/Frameworks";
				PRODUCT_BUNDLE_IDENTIFIER = "tanker.io.tanker-ui-demoUITests";
				PRODUCT_NAME = "$(TARGET_NAME)";
				TARGETED_DEVICE_FAMILY = "1,2";
				TEST_TARGET_NAME = "tanker-ui-demo";
			};
			name = Release;
		};
/* End XCBuildConfiguration section */

/* Begin XCConfigurationList section */
		EB26171D207B8D8C00FCB028 /* Build configuration list for PBXProject "tanker-ui-demo" */ = {
			isa = XCConfigurationList;
			buildConfigurations = (
				EB261741207B8D8C00FCB028 /* Debug */,
				EB261742207B8D8C00FCB028 /* Release */,
			);
			defaultConfigurationIsVisible = 0;
			defaultConfigurationName = Release;
		};
		EB261743207B8D8C00FCB028 /* Build configuration list for PBXNativeTarget "tanker-ui-demo" */ = {
			isa = XCConfigurationList;
			buildConfigurations = (
				EB261744207B8D8C00FCB028 /* Debug */,
				EB261745207B8D8C00FCB028 /* Release */,
			);
			defaultConfigurationIsVisible = 0;
			defaultConfigurationName = Release;
		};
		EB261746207B8D8C00FCB028 /* Build configuration list for PBXNativeTarget "tanker-ui-demoUITests" */ = {
			isa = XCConfigurationList;
			buildConfigurations = (
				EB261747207B8D8C00FCB028 /* Debug */,
				EB261748207B8D8C00FCB028 /* Release */,
			);
			defaultConfigurationIsVisible = 0;
			defaultConfigurationName = Release;
		};
/* End XCConfigurationList section */
	};
	rootObject = EB26171A207B8D8C00FCB028 /* Project object */;
}
